
Microsoft Visual Studio Solution File, Format Version 12.00
# Visual Studio Version 16
VisualStudioVersion = 16.0.28803.202
MinimumVisualStudioVersion = 10.0.40219.1
Project("{FAE04EC0-301F-11D3-BF4B-00C04F79EFBC}") = "HeroesFight", "HeroesFight\HeroesFight.csproj", "{F8293F29-D697-4B0F-A028-7A7A685AE403}"
EndProject
Global
	GlobalSection(SolutionConfigurationPlatforms) = preSolution
		Debug|Any CPU = Debug|Any CPU
		Release|Any CPU = Release|Any CPU
	EndGlobalSection
	GlobalSection(ProjectConfigurationPlatforms) = postSolution
		{F8293F29-D697-4B0F-A028-7A7A685AE403}.Debug|Any CPU.ActiveCfg = Debug|Any CPU
		{F8293F29-D697-4B0F-A028-7A7A685AE403}.Debug|Any CPU.Build.0 = Debug|Any CPU
		{F8293F29-D697-4B0F-A028-7A7A685AE403}.Release|Any CPU.ActiveCfg = Release|Any CPU
		{F8293F29-D697-4B0F-A028-7A7A685AE403}.Release|Any CPU.Build.0 = Release|Any CPU
	EndGlobalSection
	GlobalSection(SolutionProperties) = preSolution
		HideSolutionNode = FALSE
	EndGlobalSection
	GlobalSection(ExtensibilityGlobals) = postSolution
		SolutionGuid = {75B943EA-3673-48C4-89C1-7AF9572CC2F3}
	EndGlobalSection
EndGlobal
